
Microsoft Visual Studio Solution File, Format Version 12.00
# Visual Studio Version 17
VisualStudioVersion = 17.0.31903.59
MinimumVisualStudioVersion = 10.0.40219.1
Project("{FAE04EC0-301F-11D3-BF4B-00C04F79EFBC}") = "AIWA.API", "src\AIWA.API.csproj", "{43518E74-8704-4F5B-AAD3-C5B1A1AFACD6}"
EndProject
Project("{FAE04EC0-301F-11D3-BF4B-00C04F79EFBC}") = "AIWA.API.Test", "test\AIWA.API.Test.csproj", "{265A2BE9-F8F6-4D2C-986F-0B2D129FAC3D}"
EndProject
Global
	GlobalSection(SolutionProperties) = preSolution
		HideSolutionNode = FALSE
	EndGlobalSection
	GlobalSection(SolutionConfigurationPlatforms) = preSolution
		Debug|Any CPU = Debug|Any CPU
		Debug|x64 = Debug|x64
		Debug|x86 = Debug|x86
		Release|Any CPU = Release|Any CPU
		Release|x64 = Release|x64
		Release|x86 = Release|x86
	EndGlobalSection
	GlobalSection(ProjectConfigurationPlatforms) = postSolution
		{43518E74-8704-4F5B-AAD3-C5B1A1AFACD6}.Debug|Any CPU.ActiveCfg = Debug|Any CPU
		{43518E74-8704-4F5B-AAD3-C5B1A1AFACD6}.Debug|Any CPU.Build.0 = Debug|Any CPU
		{43518E74-8704-4F5B-AAD3-C5B1A1AFACD6}.Debug|x64.ActiveCfg = Debug|Any CPU
		{43518E74-8704-4F5B-AAD3-C5B1A1AFACD6}.Debug|x64.Build.0 = Debug|Any CPU
		{43518E74-8704-4F5B-AAD3-C5B1A1AFACD6}.Debug|x86.ActiveCfg = Debug|Any CPU
		{43518E74-8704-4F5B-AAD3-C5B1A1AFACD6}.Debug|x86.Build.0 = Debug|Any CPU
		{43518E74-8704-4F5B-AAD3-C5B1A1AFACD6}.Release|Any CPU.ActiveCfg = Release|Any CPU
		{43518E74-8704-4F5B-AAD3-C5B1A1AFACD6}.Release|Any CPU.Build.0 = Release|Any CPU
		{43518E74-8704-4F5B-AAD3-C5B1A1AFACD6}.Release|x64.ActiveCfg = Release|Any CPU
		{43518E74-8704-4F5B-AAD3-C5B1A1AFACD6}.Release|x64.Build.0 = Release|Any CPU
		{43518E74-8704-4F5B-AAD3-C5B1A1AFACD6}.Release|x86.ActiveCfg = Release|Any CPU
		{43518E74-8704-4F5B-AAD3-C5B1A1AFACD6}.Release|x86.Build.0 = Release|Any CPU
		{265A2BE9-F8F6-4D2C-986F-0B2D129FAC3D}.Debug|Any CPU.ActiveCfg = Debug|Any CPU
		{265A2BE9-F8F6-4D2C-986F-0B2D129FAC3D}.Debug|Any CPU.Build.0 = Debug|Any CPU
		{265A2BE9-F8F6-4D2C-986F-0B2D129FAC3D}.Debug|x64.ActiveCfg = Debug|Any CPU
		{265A2BE9-F8F6-4D2C-986F-0B2D129FAC3D}.Debug|x64.Build.0 = Debug|Any CPU
		{265A2BE9-F8F6-4D2C-986F-0B2D129FAC3D}.Debug|x86.ActiveCfg = Debug|Any CPU
		{265A2BE9-F8F6-4D2C-986F-0B2D129FAC3D}.Debug|x86.Build.0 = Debug|Any CPU
		{265A2BE9-F8F6-4D2C-986F-0B2D129FAC3D}.Release|Any CPU.ActiveCfg = Release|Any CPU
		{265A2BE9-F8F6-4D2C-986F-0B2D129FAC3D}.Release|Any CPU.Build.0 = Release|Any CPU
		{265A2BE9-F8F6-4D2C-986F-0B2D129FAC3D}.Release|x64.ActiveCfg = Release|Any CPU
		{265A2BE9-F8F6-4D2C-986F-0B2D129FAC3D}.Release|x64.Build.0 = Release|Any CPU
		{265A2BE9-F8F6-4D2C-986F-0B2D129FAC3D}.Release|x86.ActiveCfg = Release|Any CPU
		{265A2BE9-F8F6-4D2C-986F-0B2D129FAC3D}.Release|x86.Build.0 = Release|Any CPU
	EndGlobalSection
EndGlobal
